
Microsoft Visual Studio Solution File, Format Version 11.00
# Visual Studio 2010
Project("{FAE04EC0-301F-11D3-BF4B-00C04F79EFBC}") = "ExtractMovieNames", "ExtractMovieNames\ExtractMovieNames.csproj", "{558E8554-6C0F-48B3-882B-0AEF668DD0AB}"
EndProject
Global
	GlobalSection(SolutionConfigurationPlatforms) = preSolution
		Debug|x86 = Debug|x86
		Release|x86 = Release|x86
	EndGlobalSection
	GlobalSection(ProjectConfigurationPlatforms) = postSolution
		{558E8554-6C0F-48B3-882B-0AEF668DD0AB}.Debug|x86.ActiveCfg = Debug|x86
		{558E8554-6C0F-48B3-882B-0AEF668DD0AB}.Debug|x86.Build.0 = Debug|x86
		{558E8554-6C0F-48B3-882B-0AEF668DD0AB}.Release|x86.ActiveCfg = Release|x86
		{558E8554-6C0F-48B3-882B-0AEF668DD0AB}.Release|x86.Build.0 = Release|x86
	EndGlobalSection
	GlobalSection(SolutionProperties) = preSolution
		HideSolutionNode = FALSE
	EndGlobalSection
EndGlobal
